
Microsoft Visual Studio Solution File, Format Version 12.00
# Visual Studio 14
VisualStudioVersion = 14.0.25123.0
MinimumVisualStudioVersion = 10.0.40219.1
Project("{FAE04EC0-301F-11D3-BF4B-00C04F79EFBC}") = "Shell", "Shell\Shell.csproj", "{EABA3F61-1655-4431-912E-1380FDC7CBD8}"
EndProject
Project("{FAE04EC0-301F-11D3-BF4B-00C04F79EFBC}") = "Metadata.Module", "Metadata.Module\Metadata.Module.csproj", "{FCEB9D4B-9347-429C-B781-541ABAC58F8C}"
EndProject
Project("{FAE04EC0-301F-11D3-BF4B-00C04F79EFBC}") = "ORM", "orm\ORM.csproj", "{431D3F9F-2134-4E49-BFA3-66A629492389}"
EndProject
Project("{FAE04EC0-301F-11D3-BF4B-00C04F79EFBC}") = "Metadata.Model", "Metadata.Model\Metadata.Model.csproj", "{810EE1AA-BDDE-4657-9029-EB00A061D3F2}"
EndProject
Project("{FAE04EC0-301F-11D3-BF4B-00C04F79EFBC}") = "ComConnector", "ComConnector\ComConnector.csproj", "{8D3DFA86-C8A2-430E-875D-93BDD72EFCBD}"
EndProject
Project("{FAE04EC0-301F-11D3-BF4B-00C04F79EFBC}") = "Zhichkin.Integrator.Module", "Zhichkin.Integrator\Zhichkin.Integrator.Module.csproj", "{F8247D7D-2AD4-4962-8F27-70AA328ADB16}"
EndProject
Project("{FAE04EC0-301F-11D3-BF4B-00C04F79EFBC}") = "Zhichkin.ChangeTracking", "Zhichkin.ChangeTracking\Zhichkin.ChangeTracking.csproj", "{A7E8BC5D-8C1D-4DB8-9DEE-9668EF714257}"
EndProject
Project("{FAE04EC0-301F-11D3-BF4B-00C04F79EFBC}") = "Zhichkin.Integrator.Model", "Zhichkin.Integrator.Model\Zhichkin.Integrator.Model.csproj", "{1241C202-F360-466C-A953-18F84BE5C3E7}"
EndProject
Project("{FAE04EC0-301F-11D3-BF4B-00C04F79EFBC}") = "Zhichkin.Integrator.Translator", "Zhichkin.Translator\Zhichkin.Integrator.Translator.csproj", "{8C403721-EDEA-4ADF-9C47-D9C28CD52E81}"
EndProject
Project("{FAE04EC0-301F-11D3-BF4B-00C04F79EFBC}") = "Zhichkin.Integrator.Services", "Zhichkin.Integrator.Services\Zhichkin.Integrator.Services.csproj", "{E7FED28C-D9A2-4044-A147-BA305FB235EB}"
EndProject
Project("{FAE04EC0-301F-11D3-BF4B-00C04F79EFBC}") = "Zhichkin.Integrator.PublisherAgent", "Zhichkin.Integrator.Agent\Zhichkin.Integrator.PublisherAgent.csproj", "{076483D5-8661-4AE2-A80F-B2C388CCEE94}"
EndProject
Project("{FAE04EC0-301F-11D3-BF4B-00C04F79EFBC}") = "Zhichkin.Integrator.SubscriberAgent", "SubscriberAgent\Zhichkin.Integrator.SubscriberAgent.csproj", "{6F14D732-5982-40FB-8EDF-52652B34218D}"
EndProject
Global
	GlobalSection(SolutionConfigurationPlatforms) = preSolution
		Debug|Any CPU = Debug|Any CPU
		Release|Any CPU = Release|Any CPU
	EndGlobalSection
	GlobalSection(ProjectConfigurationPlatforms) = postSolution
		{EABA3F61-1655-4431-912E-1380FDC7CBD8}.Debug|Any CPU.ActiveCfg = Debug|Any CPU
		{EABA3F61-1655-4431-912E-1380FDC7CBD8}.Debug|Any CPU.Build.0 = Debug|Any CPU
		{EABA3F61-1655-4431-912E-1380FDC7CBD8}.Release|Any CPU.ActiveCfg = Release|Any CPU
		{EABA3F61-1655-4431-912E-1380FDC7CBD8}.Release|Any CPU.Build.0 = Release|Any CPU
		{FCEB9D4B-9347-429C-B781-541ABAC58F8C}.Debug|Any CPU.ActiveCfg = Debug|Any CPU
		{FCEB9D4B-9347-429C-B781-541ABAC58F8C}.Debug|Any CPU.Build.0 = Debug|Any CPU
		{FCEB9D4B-9347-429C-B781-541ABAC58F8C}.Release|Any CPU.ActiveCfg = Release|Any CPU
		{FCEB9D4B-9347-429C-B781-541ABAC58F8C}.Release|Any CPU.Build.0 = Release|Any CPU
		{431D3F9F-2134-4E49-BFA3-66A629492389}.Debug|Any CPU.ActiveCfg = Debug|Any CPU
		{431D3F9F-2134-4E49-BFA3-66A629492389}.Debug|Any CPU.Build.0 = Debug|Any CPU
		{431D3F9F-2134-4E49-BFA3-66A629492389}.Release|Any CPU.ActiveCfg = Release|Any CPU
		{431D3F9F-2134-4E49-BFA3-66A629492389}.Release|Any CPU.Build.0 = Release|Any CPU
		{810EE1AA-BDDE-4657-9029-EB00A061D3F2}.Debug|Any CPU.ActiveCfg = Debug|Any CPU
		{810EE1AA-BDDE-4657-9029-EB00A061D3F2}.Debug|Any CPU.Build.0 = Debug|Any CPU
		{810EE1AA-BDDE-4657-9029-EB00A061D3F2}.Release|Any CPU.ActiveCfg = Release|Any CPU
		{810EE1AA-BDDE-4657-9029-EB00A061D3F2}.Release|Any CPU.Build.0 = Release|Any CPU
		{8D3DFA86-C8A2-430E-875D-93BDD72EFCBD}.Debug|Any CPU.ActiveCfg = Debug|Any CPU
		{8D3DFA86-C8A2-430E-875D-93BDD72EFCBD}.Debug|Any CPU.Build.0 = Debug|Any CPU
		{8D3DFA86-C8A2-430E-875D-93BDD72EFCBD}.Release|Any CPU.ActiveCfg = Release|Any CPU
		{8D3DFA86-C8A2-430E-875D-93BDD72EFCBD}.Release|Any CPU.Build.0 = Release|Any CPU
		{F8247D7D-2AD4-4962-8F27-70AA328ADB16}.Debug|Any CPU.ActiveCfg = Debug|Any CPU
		{F8247D7D-2AD4-4962-8F27-70AA328ADB16}.Debug|Any CPU.Build.0 = Debug|Any CPU
		{F8247D7D-2AD4-4962-8F27-70AA328ADB16}.Release|Any CPU.ActiveCfg = Release|Any CPU
		{F8247D7D-2AD4-4962-8F27-70AA328ADB16}.Release|Any CPU.Build.0 = Release|Any CPU
		{A7E8BC5D-8C1D-4DB8-9DEE-9668EF714257}.Debug|Any CPU.ActiveCfg = Debug|Any CPU
		{A7E8BC5D-8C1D-4DB8-9DEE-9668EF714257}.Debug|Any CPU.Build.0 = Debug|Any CPU
		{A7E8BC5D-8C1D-4DB8-9DEE-9668EF714257}.Release|Any CPU.ActiveCfg = Release|Any CPU
		{A7E8BC5D-8C1D-4DB8-9DEE-9668EF714257}.Release|Any CPU.Build.0 = Release|Any CPU
		{1241C202-F360-466C-A953-18F84BE5C3E7}.Debug|Any CPU.ActiveCfg = Debug|Any CPU
		{1241C202-F360-466C-A953-18F84BE5C3E7}.Debug|Any CPU.Build.0 = Debug|Any CPU
		{1241C202-F360-466C-A953-18F84BE5C3E7}.Release|Any CPU.ActiveCfg = Release|Any CPU
		{1241C202-F360-466C-A953-18F84BE5C3E7}.Release|Any CPU.Build.0 = Release|Any CPU
		{8C403721-EDEA-4ADF-9C47-D9C28CD52E81}.Debug|Any CPU.ActiveCfg = Debug|Any CPU
		{8C403721-EDEA-4ADF-9C47-D9C28CD52E81}.Debug|Any CPU.Build.0 = Debug|Any CPU
		{8C403721-EDEA-4ADF-9C47-D9C28CD52E81}.Release|Any CPU.ActiveCfg = Release|Any CPU
		{8C403721-EDEA-4ADF-9C47-D9C28CD52E81}.Release|Any CPU.Build.0 = Release|Any CPU
		{E7FED28C-D9A2-4044-A147-BA305FB235EB}.Debug|Any CPU.ActiveCfg = Debug|Any CPU
		{E7FED28C-D9A2-4044-A147-BA305FB235EB}.Debug|Any CPU.Build.0 = Debug|Any CPU
		{E7FED28C-D9A2-4044-A147-BA305FB235EB}.Release|Any CPU.ActiveCfg = Release|Any CPU
		{E7FED28C-D9A2-4044-A147-BA305FB235EB}.Release|Any CPU.Build.0 = Release|Any CPU
		{076483D5-8661-4AE2-A80F-B2C388CCEE94}.Debug|Any CPU.ActiveCfg = Debug|Any CPU
		{076483D5-8661-4AE2-A80F-B2C388CCEE94}.Debug|Any CPU.Build.0 = Debug|Any CPU
		{076483D5-8661-4AE2-A80F-B2C388CCEE94}.Release|Any CPU.ActiveCfg = Release|Any CPU
		{076483D5-8661-4AE2-A80F-B2C388CCEE94}.Release|Any CPU.Build.0 = Release|Any CPU
		{6F14D732-5982-40FB-8EDF-52652B34218D}.Debug|Any CPU.ActiveCfg = Debug|Any CPU
		{6F14D732-5982-40FB-8EDF-52652B34218D}.Debug|Any CPU.Build.0 = Debug|Any CPU
		{6F14D732-5982-40FB-8EDF-52652B34218D}.Release|Any CPU.ActiveCfg = Release|Any CPU
		{6F14D732-5982-40FB-8EDF-52652B34218D}.Release|Any CPU.Build.0 = Release|Any CPU
	EndGlobalSection
	GlobalSection(SolutionProperties) = preSolution
		HideSolutionNode = FALSE
	EndGlobalSection
EndGlobal
