
Microsoft Visual Studio Solution File, Format Version 12.00
# Visual Studio 15
VisualStudioVersion = 15.0.27004.2009
MinimumVisualStudioVersion = 10.0.40219.1
Project("{FAE04EC0-301F-11D3-BF4B-00C04F79EFBC}") = "Shell", "Shell\Shell.csproj", "{EABA3F61-1655-4431-912E-1380FDC7CBD8}"
EndProject
Project("{FAE04EC0-301F-11D3-BF4B-00C04F79EFBC}") = "Metadata.Module", "Metadata.Module\Metadata.Module.csproj", "{FCEB9D4B-9347-429C-B781-541ABAC58F8C}"
EndProject
Project("{FAE04EC0-301F-11D3-BF4B-00C04F79EFBC}") = "ORM", "orm\ORM.csproj", "{431D3F9F-2134-4E49-BFA3-66A629492389}"
EndProject
Project("{FAE04EC0-301F-11D3-BF4B-00C04F79EFBC}") = "Metadata.Model", "Metadata.Model\Metadata.Model.csproj", "{810EE1AA-BDDE-4657-9029-EB00A061D3F2}"
EndProject
Project("{FAE04EC0-301F-11D3-BF4B-00C04F79EFBC}") = "Metadata.UI", "Metadata.UI\Metadata.UI.csproj", "{4FCF0512-BB1B-48AC-B335-AA903EDC770A}"
EndProject
Project("{FAE04EC0-301F-11D3-BF4B-00C04F79EFBC}") = "Hermes.Module", "Hermes.Module\Hermes.Module.csproj", "{A190F20A-6654-4D17-B7FE-8231286F1C6A}"
EndProject
Project("{FAE04EC0-301F-11D3-BF4B-00C04F79EFBC}") = "Hermes.UI", "Hermes.UI\Hermes.UI.csproj", "{45C80CED-A3E9-4A66-9978-C1731AF40D49}"
EndProject
Project("{9A19103F-16F7-4668-BE54-9A1E7A4F7556}") = "Hermes.Model", "Hermes.Model\Hermes.Model.csproj", "{6A86E382-F7ED-43FF-BE21-E2127EB8199A}"
EndProject
Project("{9A19103F-16F7-4668-BE54-9A1E7A4F7556}") = "Hermes.Services", "Hermes.Services\Hermes.Services.csproj", "{CA3FDD8A-695C-4A87-B09E-C63E5AAFB5B1}"
EndProject
Project("{FAE04EC0-301F-11D3-BF4B-00C04F79EFBC}") = "Metadata.Services", "Metadata.Services\Metadata.Services.csproj", "{9C484519-05D9-4F0B-8E72-4C1F0ABAA2C4}"
EndProject
Project("{9A19103F-16F7-4668-BE54-9A1E7A4F7556}") = "Metadata.Server", "Metadata.Server\Metadata.Server.csproj", "{9F9F39E7-B31A-496C-98B9-1D062133C59F}"
EndProject
Project("{FAE04EC0-301F-11D3-BF4B-00C04F79EFBC}") = "Query.UI", "Query.UI\Query.UI.csproj", "{7044B22F-0692-47A0-9BAB-C3BBF0967018}"
EndProject
Project("{FAE04EC0-301F-11D3-BF4B-00C04F79EFBC}") = "Query.Model", "Query.Model\Query.Model.csproj", "{E88F4585-1179-41FC-8CF4-01050D7574C8}"
EndProject
Project("{FAE04EC0-301F-11D3-BF4B-00C04F79EFBC}") = "Query.Module", "Query.Module\Query.Module.csproj", "{ADA257D5-24D0-4C0E-B532-D612A8FE02CB}"
EndProject
Global
	GlobalSection(SolutionConfigurationPlatforms) = preSolution
		Debug|Any CPU = Debug|Any CPU
		Release|Any CPU = Release|Any CPU
	EndGlobalSection
	GlobalSection(ProjectConfigurationPlatforms) = postSolution
		{EABA3F61-1655-4431-912E-1380FDC7CBD8}.Debug|Any CPU.ActiveCfg = Debug|Any CPU
		{EABA3F61-1655-4431-912E-1380FDC7CBD8}.Debug|Any CPU.Build.0 = Debug|Any CPU
		{EABA3F61-1655-4431-912E-1380FDC7CBD8}.Release|Any CPU.ActiveCfg = Release|Any CPU
		{EABA3F61-1655-4431-912E-1380FDC7CBD8}.Release|Any CPU.Build.0 = Release|Any CPU
		{FCEB9D4B-9347-429C-B781-541ABAC58F8C}.Debug|Any CPU.ActiveCfg = Debug|Any CPU
		{FCEB9D4B-9347-429C-B781-541ABAC58F8C}.Debug|Any CPU.Build.0 = Debug|Any CPU
		{FCEB9D4B-9347-429C-B781-541ABAC58F8C}.Release|Any CPU.ActiveCfg = Release|Any CPU
		{FCEB9D4B-9347-429C-B781-541ABAC58F8C}.Release|Any CPU.Build.0 = Release|Any CPU
		{431D3F9F-2134-4E49-BFA3-66A629492389}.Debug|Any CPU.ActiveCfg = Debug|Any CPU
		{431D3F9F-2134-4E49-BFA3-66A629492389}.Debug|Any CPU.Build.0 = Debug|Any CPU
		{431D3F9F-2134-4E49-BFA3-66A629492389}.Release|Any CPU.ActiveCfg = Release|Any CPU
		{431D3F9F-2134-4E49-BFA3-66A629492389}.Release|Any CPU.Build.0 = Release|Any CPU
		{810EE1AA-BDDE-4657-9029-EB00A061D3F2}.Debug|Any CPU.ActiveCfg = Debug|Any CPU
		{810EE1AA-BDDE-4657-9029-EB00A061D3F2}.Debug|Any CPU.Build.0 = Debug|Any CPU
		{810EE1AA-BDDE-4657-9029-EB00A061D3F2}.Release|Any CPU.ActiveCfg = Release|Any CPU
		{810EE1AA-BDDE-4657-9029-EB00A061D3F2}.Release|Any CPU.Build.0 = Release|Any CPU
		{4FCF0512-BB1B-48AC-B335-AA903EDC770A}.Debug|Any CPU.ActiveCfg = Debug|Any CPU
		{4FCF0512-BB1B-48AC-B335-AA903EDC770A}.Debug|Any CPU.Build.0 = Debug|Any CPU
		{4FCF0512-BB1B-48AC-B335-AA903EDC770A}.Release|Any CPU.ActiveCfg = Release|Any CPU
		{4FCF0512-BB1B-48AC-B335-AA903EDC770A}.Release|Any CPU.Build.0 = Release|Any CPU
		{A190F20A-6654-4D17-B7FE-8231286F1C6A}.Debug|Any CPU.ActiveCfg = Debug|Any CPU
		{A190F20A-6654-4D17-B7FE-8231286F1C6A}.Debug|Any CPU.Build.0 = Debug|Any CPU
		{A190F20A-6654-4D17-B7FE-8231286F1C6A}.Release|Any CPU.ActiveCfg = Release|Any CPU
		{A190F20A-6654-4D17-B7FE-8231286F1C6A}.Release|Any CPU.Build.0 = Release|Any CPU
		{45C80CED-A3E9-4A66-9978-C1731AF40D49}.Debug|Any CPU.ActiveCfg = Debug|Any CPU
		{45C80CED-A3E9-4A66-9978-C1731AF40D49}.Debug|Any CPU.Build.0 = Debug|Any CPU
		{45C80CED-A3E9-4A66-9978-C1731AF40D49}.Release|Any CPU.ActiveCfg = Release|Any CPU
		{45C80CED-A3E9-4A66-9978-C1731AF40D49}.Release|Any CPU.Build.0 = Release|Any CPU
		{6A86E382-F7ED-43FF-BE21-E2127EB8199A}.Debug|Any CPU.ActiveCfg = Debug|Any CPU
		{6A86E382-F7ED-43FF-BE21-E2127EB8199A}.Debug|Any CPU.Build.0 = Debug|Any CPU
		{6A86E382-F7ED-43FF-BE21-E2127EB8199A}.Release|Any CPU.ActiveCfg = Release|Any CPU
		{6A86E382-F7ED-43FF-BE21-E2127EB8199A}.Release|Any CPU.Build.0 = Release|Any CPU
		{CA3FDD8A-695C-4A87-B09E-C63E5AAFB5B1}.Debug|Any CPU.ActiveCfg = Debug|Any CPU
		{CA3FDD8A-695C-4A87-B09E-C63E5AAFB5B1}.Debug|Any CPU.Build.0 = Debug|Any CPU
		{CA3FDD8A-695C-4A87-B09E-C63E5AAFB5B1}.Release|Any CPU.ActiveCfg = Release|Any CPU
		{CA3FDD8A-695C-4A87-B09E-C63E5AAFB5B1}.Release|Any CPU.Build.0 = Release|Any CPU
		{9C484519-05D9-4F0B-8E72-4C1F0ABAA2C4}.Debug|Any CPU.ActiveCfg = Debug|Any CPU
		{9C484519-05D9-4F0B-8E72-4C1F0ABAA2C4}.Debug|Any CPU.Build.0 = Debug|Any CPU
		{9C484519-05D9-4F0B-8E72-4C1F0ABAA2C4}.Release|Any CPU.ActiveCfg = Release|Any CPU
		{9C484519-05D9-4F0B-8E72-4C1F0ABAA2C4}.Release|Any CPU.Build.0 = Release|Any CPU
		{9F9F39E7-B31A-496C-98B9-1D062133C59F}.Debug|Any CPU.ActiveCfg = Debug|Any CPU
		{9F9F39E7-B31A-496C-98B9-1D062133C59F}.Debug|Any CPU.Build.0 = Debug|Any CPU
		{9F9F39E7-B31A-496C-98B9-1D062133C59F}.Release|Any CPU.ActiveCfg = Release|Any CPU
		{9F9F39E7-B31A-496C-98B9-1D062133C59F}.Release|Any CPU.Build.0 = Release|Any CPU
		{7044B22F-0692-47A0-9BAB-C3BBF0967018}.Debug|Any CPU.ActiveCfg = Debug|Any CPU
		{7044B22F-0692-47A0-9BAB-C3BBF0967018}.Debug|Any CPU.Build.0 = Debug|Any CPU
		{7044B22F-0692-47A0-9BAB-C3BBF0967018}.Release|Any CPU.ActiveCfg = Release|Any CPU
		{7044B22F-0692-47A0-9BAB-C3BBF0967018}.Release|Any CPU.Build.0 = Release|Any CPU
		{E88F4585-1179-41FC-8CF4-01050D7574C8}.Debug|Any CPU.ActiveCfg = Debug|Any CPU
		{E88F4585-1179-41FC-8CF4-01050D7574C8}.Debug|Any CPU.Build.0 = Debug|Any CPU
		{E88F4585-1179-41FC-8CF4-01050D7574C8}.Release|Any CPU.ActiveCfg = Release|Any CPU
		{E88F4585-1179-41FC-8CF4-01050D7574C8}.Release|Any CPU.Build.0 = Release|Any CPU
		{ADA257D5-24D0-4C0E-B532-D612A8FE02CB}.Debug|Any CPU.ActiveCfg = Debug|Any CPU
		{ADA257D5-24D0-4C0E-B532-D612A8FE02CB}.Debug|Any CPU.Build.0 = Debug|Any CPU
		{ADA257D5-24D0-4C0E-B532-D612A8FE02CB}.Release|Any CPU.ActiveCfg = Release|Any CPU
		{ADA257D5-24D0-4C0E-B532-D612A8FE02CB}.Release|Any CPU.Build.0 = Release|Any CPU
	EndGlobalSection
	GlobalSection(SolutionProperties) = preSolution
		HideSolutionNode = FALSE
	EndGlobalSection
	GlobalSection(ExtensibilityGlobals) = postSolution
		SolutionGuid = {391ABE42-5CCF-45E9-8FE1-C8B68DB6E9B3}
	EndGlobalSection
EndGlobal
